
Microsoft Visual Studio Solution File, Format Version 12.00
# Visual Studio Version 16
VisualStudioVersion = 16.0.809.0
MinimumVisualStudioVersion = 10.0.40219.1
Project("{FAE04EC0-301F-11D3-BF4B-00C04F79EFBC}") = "sqribe", "sqribe.csproj", "{B1A11C30-E480-4165-9CFA-5E1BC52B5A2E}"
EndProject
Global
	GlobalSection(SolutionConfigurationPlatforms) = preSolution
		Debug|Any CPU = Debug|Any CPU
		Release|Any CPU = Release|Any CPU
	EndGlobalSection
	GlobalSection(ProjectConfigurationPlatforms) = postSolution
		{B1A11C30-E480-4165-9CFA-5E1BC52B5A2E}.Debug|Any CPU.ActiveCfg = Debug|Any CPU
		{B1A11C30-E480-4165-9CFA-5E1BC52B5A2E}.Debug|Any CPU.Build.0 = Debug|Any CPU
		{B1A11C30-E480-4165-9CFA-5E1BC52B5A2E}.Release|Any CPU.ActiveCfg = Release|Any CPU
		{B1A11C30-E480-4165-9CFA-5E1BC52B5A2E}.Release|Any CPU.Build.0 = Release|Any CPU
	EndGlobalSection
	GlobalSection(SolutionProperties) = preSolution
		HideSolutionNode = FALSE
	EndGlobalSection
	GlobalSection(ExtensibilityGlobals) = postSolution
		SolutionGuid = {D5093F9E-3ECB-4385-95BB-39B603B95DC6}
	EndGlobalSection
EndGlobal
